// !$*UTF8*$!
{
	archiveVersion = 1;
	classes = {
	};
	objectVersion = 46;
	objects = {

/* Begin PBXBuildFile section */
		3249ED011FE3C76A00A7E745 /* Manage.storyboard in Resources */ = {isa = PBXBuildFile; fileRef = 3249ED001FE3C76A00A7E745 /* Manage.storyboard */; };
		3249ED031FE3CAD100A7E745 /* ManageTableViewController.swift in Sources */ = {isa = PBXBuildFile; fileRef = 3249ED021FE3CAD100A7E745 /* ManageTableViewController.swift */; };
		3251B6621FE364CB00D4AD82 /* ManageTableViewCell.swift in Sources */ = {isa = PBXBuildFile; fileRef = 3251B6611FE364CB00D4AD82 /* ManageTableViewCell.swift */; };
		32AAED021FF625FE0042B551 /* DeleteBlackListController.swift in Sources */ = {isa = PBXBuildFile; fileRef = 32AAED011FF625FE0042B551 /* DeleteBlackListController.swift */; };
		32AAED041FF6313F0042B551 /* AddButtonCell.swift in Sources */ = {isa = PBXBuildFile; fileRef = 32AAED031FF6313F0042B551 /* AddButtonCell.swift */; };
		32AAED061FF68E8D0042B551 /* AddRecordingController.swift in Sources */ = {isa = PBXBuildFile; fileRef = 32AAED051FF68E8D0042B551 /* AddRecordingController.swift */; };
		32AAED081FF6938D0042B551 /* RecordingController.swift in Sources */ = {isa = PBXBuildFile; fileRef = 32AAED071FF6938C0042B551 /* RecordingController.swift */; };
		32AAED0A1FF693AB0042B551 /* RecordingCell.swift in Sources */ = {isa = PBXBuildFile; fileRef = 32AAED091FF693AB0042B551 /* RecordingCell.swift */; };
		32DC2F341FECA60A00770C55 /* AddUserTableViewController.swift in Sources */ = {isa = PBXBuildFile; fileRef = 32DC2F331FECA60A00770C55 /* AddUserTableViewController.swift */; };
		32DC2F361FECA85F00770C55 /* BasisCell.swift in Sources */ = {isa = PBXBuildFile; fileRef = 32DC2F351FECA85F00770C55 /* BasisCell.swift */; };
		32E7B4341FF2701400D8AD84 /* AddStaffTableViewController.swift in Sources */ = {isa = PBXBuildFile; fileRef = 32E7B4331FF2701400D8AD84 /* AddStaffTableViewController.swift */; };
		32E92D791FDFCCA10016B181 /* ViewHelper.swift in Sources */ = {isa = PBXBuildFile; fileRef = 32E92D781FDFCCA10016B181 /* ViewHelper.swift */; };
		32F065521FF4E89900922AA9 /* DeleteUserController.swift in Sources */ = {isa = PBXBuildFile; fileRef = 32F065511FF4E89900922AA9 /* DeleteUserController.swift */; };
		79DAE9294A0D3E071F33C5AA /* Pods_car_manager.framework in Frameworks */ = {isa = PBXBuildFile; fileRef = B57052502F3F8DEE40D16237 /* Pods_car_manager.framework */; };
		EE6BB6AA1FDAC2FA0035C030 /* LoginViewController.swift in Sources */ = {isa = PBXBuildFile; fileRef = EE6BB6A91FDAC2FA0035C030 /* LoginViewController.swift */; };
		EE6BB6CC1FDC2B7C0035C030 /* Podfile in Resources */ = {isa = PBXBuildFile; fileRef = EE6BB6CB1FDC2B7C0035C030 /* Podfile */; };
		EE6BB6D51FDEAA510035C030 /* SearchMenuViewController.swift in Sources */ = {isa = PBXBuildFile; fileRef = EE6BB6D41FDEAA510035C030 /* SearchMenuViewController.swift */; };
		EE6BB6DA1FDEAD0F0035C030 /* User.swift in Sources */ = {isa = PBXBuildFile; fileRef = EE6BB6D91FDEAD0F0035C030 /* User.swift */; };
		EE6BB6DE1FDEADBF0035C030 /* MenuTableViewCell.swift in Sources */ = {isa = PBXBuildFile; fileRef = EE6BB6DD1FDEADBF0035C030 /* MenuTableViewCell.swift */; };
		EE6BB6E21FE3584A0035C030 /* PersonSearchTableViewController.swift in Sources */ = {isa = PBXBuildFile; fileRef = EE6BB6E11FE3584A0035C030 /* PersonSearchTableViewController.swift */; };
		EE6BB6E41FE362EA0035C030 /* CarSearchTableViewController.swift in Sources */ = {isa = PBXBuildFile; fileRef = EE6BB6E31FE362EA0035C030 /* CarSearchTableViewController.swift */; };
		EE6BB6EC1FE7EF4F0035C030 /* CarDetailTableViewController.swift in Sources */ = {isa = PBXBuildFile; fileRef = EE6BB6EB1FE7EF4F0035C030 /* CarDetailTableViewController.swift */; };
		EE6BB6EE1FF2306F0035C030 /* CarDetailTableViewCell.swift in Sources */ = {isa = PBXBuildFile; fileRef = EE6BB6ED1FF2306F0035C030 /* CarDetailTableViewCell.swift */; };
		EE7DEDEF1FDA72350062928E /* AppDelegate.swift in Sources */ = {isa = PBXBuildFile; fileRef = EE7DEDEE1FDA72350062928E /* AppDelegate.swift */; };
		EE7DEDF41FDA72350062928E /* Main.storyboard in Resources */ = {isa = PBXBuildFile; fileRef = EE7DEDF21FDA72350062928E /* Main.storyboard */; };
		EE7DEDF61FDA72350062928E /* Assets.xcassets in Resources */ = {isa = PBXBuildFile; fileRef = EE7DEDF51FDA72350062928E /* Assets.xcassets */; };
		EE7DEDF91FDA72350062928E /* LaunchScreen.storyboard in Resources */ = {isa = PBXBuildFile; fileRef = EE7DEDF71FDA72350062928E /* LaunchScreen.storyboard */; };
		EEA3E6081FF3407900149A55 /* MyInfoViewController.swift in Sources */ = {isa = PBXBuildFile; fileRef = EEA3E6071FF3407900149A55 /* MyInfoViewController.swift */; };
		EED8C1C01FF5D6C90097C9EB /* Car.swift in Sources */ = {isa = PBXBuildFile; fileRef = EED8C1BA1FF5D6C90097C9EB /* Car.swift */; };
		EED8C1C11FF5D6C90097C9EB /* Info.swift in Sources */ = {isa = PBXBuildFile; fileRef = EED8C1BB1FF5D6C90097C9EB /* Info.swift */; };
		EED8C1C21FF5D6C90097C9EB /* Owne.swift in Sources */ = {isa = PBXBuildFile; fileRef = EED8C1BC1FF5D6C90097C9EB /* Owne.swift */; };
		EED8C1C31FF5D6C90097C9EB /* Owner.swift in Sources */ = {isa = PBXBuildFile; fileRef = EED8C1BD1FF5D6C90097C9EB /* Owner.swift */; };
		EED8C1C41FF5D6C90097C9EB /* QueryCar.swift in Sources */ = {isa = PBXBuildFile; fileRef = EED8C1BE1FF5D6C90097C9EB /* QueryCar.swift */; };
		EED8C1C51FF5D6C90097C9EB /* Ticket.swift in Sources */ = {isa = PBXBuildFile; fileRef = EED8C1BF1FF5D6C90097C9EB /* Ticket.swift */; };
		EED8C1CA1FF5D8520097C9EB /* QueryStaff.swift in Sources */ = {isa = PBXBuildFile; fileRef = EED8C1C61FF5D8520097C9EB /* QueryStaff.swift */; };
		EED8C1CB1FF5D8520097C9EB /* Staff.swift in Sources */ = {isa = PBXBuildFile; fileRef = EED8C1C71FF5D8520097C9EB /* Staff.swift */; };
		EED8C1CC1FF5D8520097C9EB /* StaffInfo.swift in Sources */ = {isa = PBXBuildFile; fileRef = EED8C1C81FF5D8520097C9EB /* StaffInfo.swift */; };
		EED8C1CD1FF5D8520097C9EB /* Unit.swift in Sources */ = {isa = PBXBuildFile; fileRef = EED8C1C91FF5D8520097C9EB /* Unit.swift */; };
		EED8C1CF1FF5ED860097C9EB /* QueryPostList.swift in Sources */ = {isa = PBXBuildFile; fileRef = EED8C1CE1FF5ED860097C9EB /* QueryPostList.swift */; };
		EED8C1D11FF5EEF40097C9EB /* PostListTableViewController.swift in Sources */ = {isa = PBXBuildFile; fileRef = EED8C1D01FF5EEF40097C9EB /* PostListTableViewController.swift */; };
		EED8C1D31FF5EF3E0097C9EB /* PostListTableViewCell.swift in Sources */ = {isa = PBXBuildFile; fileRef = EED8C1D21FF5EF3E0097C9EB /* PostListTableViewCell.swift */; };
/* End PBXBuildFile section */

/* Begin PBXFileReference section */
		3249ED001FE3C76A00A7E745 /* Manage.storyboard */ = {isa = PBXFileReference; fileEncoding = 4; lastKnownFileType = file.storyboard; path = Manage.storyboard; sourceTree = "<group>"; };
		3249ED021FE3CAD100A7E745 /* ManageTableViewController.swift */ = {isa = PBXFileReference; lastKnownFileType = sourcecode.swift; path = ManageTableViewController.swift; sourceTree = "<group>"; };
		3251B6611FE364CB00D4AD82 /* ManageTableViewCell.swift */ = {isa = PBXFileReference; lastKnownFileType = sourcecode.swift; path = ManageTableViewCell.swift; sourceTree = "<group>"; };
		32AAED011FF625FE0042B551 /* DeleteBlackListController.swift */ = {isa = PBXFileReference; lastKnownFileType = sourcecode.swift; path = DeleteBlackListController.swift; sourceTree = "<group>"; };
		32AAED031FF6313F0042B551 /* AddButtonCell.swift */ = {isa = PBXFileReference; lastKnownFileType = sourcecode.swift; path = AddButtonCell.swift; sourceTree = "<group>"; };
		32AAED051FF68E8D0042B551 /* AddRecordingController.swift */ = {isa = PBXFileReference; lastKnownFileType = sourcecode.swift; path = AddRecordingController.swift; sourceTree = "<group>"; };
		32AAED071FF6938C0042B551 /* RecordingController.swift */ = {isa = PBXFileReference; lastKnownFileType = sourcecode.swift; path = RecordingController.swift; sourceTree = "<group>"; };
		32AAED091FF693AB0042B551 /* RecordingCell.swift */ = {isa = PBXFileReference; lastKnownFileType = sourcecode.swift; path = RecordingCell.swift; sourceTree = "<group>"; };
		32DC2F331FECA60A00770C55 /* AddUserTableViewController.swift */ = {isa = PBXFileReference; lastKnownFileType = sourcecode.swift; path = AddUserTableViewController.swift; sourceTree = "<group>"; };
		32DC2F351FECA85F00770C55 /* BasisCell.swift */ = {isa = PBXFileReference; lastKnownFileType = sourcecode.swift; path = BasisCell.swift; sourceTree = "<group>"; };
		32E7B4331FF2701400D8AD84 /* AddStaffTableViewController.swift */ = {isa = PBXFileReference; lastKnownFileType = sourcecode.swift; path = AddStaffTableViewController.swift; sourceTree = "<group>"; };
		32E92D781FDFCCA10016B181 /* ViewHelper.swift */ = {isa = PBXFileReference; lastKnownFileType = sourcecode.swift; path = ViewHelper.swift; sourceTree = "<group>"; };
		32F065511FF4E89900922AA9 /* DeleteUserController.swift */ = {isa = PBXFileReference; lastKnownFileType = sourcecode.swift; path = DeleteUserController.swift; sourceTree = "<group>"; };
		B57052502F3F8DEE40D16237 /* Pods_car_manager.framework */ = {isa = PBXFileReference; explicitFileType = wrapper.framework; includeInIndex = 0; path = Pods_car_manager.framework; sourceTree = BUILT_PRODUCTS_DIR; };
		C653B98A830237A3609CE4BA /* Pods-car_manager.release.xcconfig */ = {isa = PBXFileReference; includeInIndex = 1; lastKnownFileType = text.xcconfig; name = "Pods-car_manager.release.xcconfig"; path = "Pods/Target Support Files/Pods-car_manager/Pods-car_manager.release.xcconfig"; sourceTree = "<group>"; };
		D0C0585E5882544F0D1B8AF6 /* Pods-car_manager.debug.xcconfig */ = {isa = PBXFileReference; includeInIndex = 1; lastKnownFileType = text.xcconfig; name = "Pods-car_manager.debug.xcconfig"; path = "Pods/Target Support Files/Pods-car_manager/Pods-car_manager.debug.xcconfig"; sourceTree = "<group>"; };
		EE6BB6A91FDAC2FA0035C030 /* LoginViewController.swift */ = {isa = PBXFileReference; fileEncoding = 4; lastKnownFileType = sourcecode.swift; path = LoginViewController.swift; sourceTree = "<group>"; };
		EE6BB6CB1FDC2B7C0035C030 /* Podfile */ = {isa = PBXFileReference; fileEncoding = 4; lastKnownFileType = text; path = Podfile; sourceTree = "<group>"; xcLanguageSpecificationIdentifier = xcode.lang.ruby; };
		EE6BB6D41FDEAA510035C030 /* SearchMenuViewController.swift */ = {isa = PBXFileReference; fileEncoding = 4; lastKnownFileType = sourcecode.swift; path = SearchMenuViewController.swift; sourceTree = "<group>"; };
		EE6BB6D91FDEAD0F0035C030 /* User.swift */ = {isa = PBXFileReference; fileEncoding = 4; lastKnownFileType = sourcecode.swift; path = User.swift; sourceTree = "<group>"; };
		EE6BB6DD1FDEADBF0035C030 /* MenuTableViewCell.swift */ = {isa = PBXFileReference; fileEncoding = 4; lastKnownFileType = sourcecode.swift; path = MenuTableViewCell.swift; sourceTree = "<group>"; };
		EE6BB6E11FE3584A0035C030 /* PersonSearchTableViewController.swift */ = {isa = PBXFileReference; fileEncoding = 4; lastKnownFileType = sourcecode.swift; path = PersonSearchTableViewController.swift; sourceTree = "<group>"; };
		EE6BB6E31FE362EA0035C030 /* CarSearchTableViewController.swift */ = {isa = PBXFileReference; fileEncoding = 4; lastKnownFileType = sourcecode.swift; path = CarSearchTableViewController.swift; sourceTree = "<group>"; };
		EE6BB6EB1FE7EF4F0035C030 /* CarDetailTableViewController.swift */ = {isa = PBXFileReference; fileEncoding = 4; lastKnownFileType = sourcecode.swift; path = CarDetailTableViewController.swift; sourceTree = "<group>"; };
		EE6BB6ED1FF2306F0035C030 /* CarDetailTableViewCell.swift */ = {isa = PBXFileReference; fileEncoding = 4; lastKnownFileType = sourcecode.swift; path = CarDetailTableViewCell.swift; sourceTree = "<group>"; };
		EE7DEDEB1FDA72350062928E /* car_manager.app */ = {isa = PBXFileReference; explicitFileType = wrapper.application; includeInIndex = 0; path = car_manager.app; sourceTree = BUILT_PRODUCTS_DIR; };
		EE7DEDEE1FDA72350062928E /* AppDelegate.swift */ = {isa = PBXFileReference; lastKnownFileType = sourcecode.swift; path = AppDelegate.swift; sourceTree = "<group>"; };
		EE7DEDF31FDA72350062928E /* Base */ = {isa = PBXFileReference; lastKnownFileType = file.storyboard; name = Base; path = Base.lproj/Main.storyboard; sourceTree = "<group>"; };
		EE7DEDF51FDA72350062928E /* Assets.xcassets */ = {isa = PBXFileReference; lastKnownFileType = folder.assetcatalog; path = Assets.xcassets; sourceTree = "<group>"; };
		EE7DEDF81FDA72350062928E /* Base */ = {isa = PBXFileReference; lastKnownFileType = file.storyboard; name = Base; path = Base.lproj/LaunchScreen.storyboard; sourceTree = "<group>"; };
		EE7DEDFA1FDA72350062928E /* Info.plist */ = {isa = PBXFileReference; lastKnownFileType = text.plist.xml; path = Info.plist; sourceTree = "<group>"; };
		EEA3E6071FF3407900149A55 /* MyInfoViewController.swift */ = {isa = PBXFileReference; fileEncoding = 4; lastKnownFileType = sourcecode.swift; path = MyInfoViewController.swift; sourceTree = "<group>"; };
		EED8C1BA1FF5D6C90097C9EB /* Car.swift */ = {isa = PBXFileReference; fileEncoding = 4; lastKnownFileType = sourcecode.swift; path = Car.swift; sourceTree = "<group>"; };
		EED8C1BB1FF5D6C90097C9EB /* Info.swift */ = {isa = PBXFileReference; fileEncoding = 4; lastKnownFileType = sourcecode.swift; path = Info.swift; sourceTree = "<group>"; };
		EED8C1BC1FF5D6C90097C9EB /* Owne.swift */ = {isa = PBXFileReference; fileEncoding = 4; lastKnownFileType = sourcecode.swift; path = Owne.swift; sourceTree = "<group>"; };
		EED8C1BD1FF5D6C90097C9EB /* Owner.swift */ = {isa = PBXFileReference; fileEncoding = 4; lastKnownFileType = sourcecode.swift; path = Owner.swift; sourceTree = "<group>"; };
		EED8C1BE1FF5D6C90097C9EB /* QueryCar.swift */ = {isa = PBXFileReference; fileEncoding = 4; lastKnownFileType = sourcecode.swift; path = QueryCar.swift; sourceTree = "<group>"; };
		EED8C1BF1FF5D6C90097C9EB /* Ticket.swift */ = {isa = PBXFileReference; fileEncoding = 4; lastKnownFileType = sourcecode.swift; path = Ticket.swift; sourceTree = "<group>"; };
		EED8C1C61FF5D8520097C9EB /* QueryStaff.swift */ = {isa = PBXFileReference; fileEncoding = 4; lastKnownFileType = sourcecode.swift; path = QueryStaff.swift; sourceTree = "<group>"; };
		EED8C1C71FF5D8520097C9EB /* Staff.swift */ = {isa = PBXFileReference; fileEncoding = 4; lastKnownFileType = sourcecode.swift; path = Staff.swift; sourceTree = "<group>"; };
		EED8C1C81FF5D8520097C9EB /* StaffInfo.swift */ = {isa = PBXFileReference; fileEncoding = 4; lastKnownFileType = sourcecode.swift; path = StaffInfo.swift; sourceTree = "<group>"; };
		EED8C1C91FF5D8520097C9EB /* Unit.swift */ = {isa = PBXFileReference; fileEncoding = 4; lastKnownFileType = sourcecode.swift; path = Unit.swift; sourceTree = "<group>"; };
		EED8C1CE1FF5ED860097C9EB /* QueryPostList.swift */ = {isa = PBXFileReference; fileEncoding = 4; lastKnownFileType = sourcecode.swift; path = QueryPostList.swift; sourceTree = "<group>"; };
		EED8C1D01FF5EEF40097C9EB /* PostListTableViewController.swift */ = {isa = PBXFileReference; fileEncoding = 4; lastKnownFileType = sourcecode.swift; path = PostListTableViewController.swift; sourceTree = "<group>"; };
		EED8C1D21FF5EF3E0097C9EB /* PostListTableViewCell.swift */ = {isa = PBXFileReference; fileEncoding = 4; lastKnownFileType = sourcecode.swift; path = PostListTableViewCell.swift; sourceTree = "<group>"; };
/* End PBXFileReference section */

/* Begin PBXFrameworksBuildPhase section */
		EE7DEDE81FDA72350062928E /* Frameworks */ = {
			isa = PBXFrameworksBuildPhase;
			buildActionMask = 2147483647;
			files = (
				79DAE9294A0D3E071F33C5AA /* Pods_car_manager.framework in Frameworks */,
			);
			runOnlyForDeploymentPostprocessing = 0;
		};
/* End PBXFrameworksBuildPhase section */

/* Begin PBXGroup section */
		2A12468504C7229A1D37BABC /* Pods */ = {
			isa = PBXGroup;
			children = (
				D0C0585E5882544F0D1B8AF6 /* Pods-car_manager.debug.xcconfig */,
				C653B98A830237A3609CE4BA /* Pods-car_manager.release.xcconfig */,
			);
			name = Pods;
			sourceTree = "<group>";
		};
		32E92D771FDFCC8D0016B181 /* Views */ = {
			isa = PBXGroup;
			children = (
				32E92D781FDFCCA10016B181 /* ViewHelper.swift */,
			);
			path = Views;
			sourceTree = "<group>";
		};
		38764C5421D7AD896D4C1006 /* Frameworks */ = {
			isa = PBXGroup;
			children = (
				B57052502F3F8DEE40D16237 /* Pods_car_manager.framework */,
			);
			name = Frameworks;
			sourceTree = "<group>";
		};
		EE6BB6D31FDEAA2F0035C030 /* SearchModule */ = {
			isa = PBXGroup;
			children = (
				EE6BB6D41FDEAA510035C030 /* SearchMenuViewController.swift */,
				EE6BB6E11FE3584A0035C030 /* PersonSearchTableViewController.swift */,
				EE6BB6EB1FE7EF4F0035C030 /* CarDetailTableViewController.swift */,
				EE6BB6ED1FF2306F0035C030 /* CarDetailTableViewCell.swift */,
				EE6BB6E31FE362EA0035C030 /* CarSearchTableViewController.swift */,
				EE6BB6DD1FDEADBF0035C030 /* MenuTableViewCell.swift */,
			);
			path = SearchModule;
			sourceTree = "<group>";
		};
		EE6BB6D61FDEAC670035C030 /* ManageModule */ = {
			isa = PBXGroup;
			children = (
				3251B6611FE364CB00D4AD82 /* ManageTableViewCell.swift */,
				3249ED021FE3CAD100A7E745 /* ManageTableViewController.swift */,
				32DC2F331FECA60A00770C55 /* AddUserTableViewController.swift */,
				32DC2F351FECA85F00770C55 /* BasisCell.swift */,
				32E7B4331FF2701400D8AD84 /* AddStaffTableViewController.swift */,
				32F065511FF4E89900922AA9 /* DeleteUserController.swift */,
				32AAED011FF625FE0042B551 /* DeleteBlackListController.swift */,
				32AAED031FF6313F0042B551 /* AddButtonCell.swift */,
				32AAED051FF68E8D0042B551 /* AddRecordingController.swift */,
				32AAED071FF6938C0042B551 /* RecordingController.swift */,
				32AAED091FF693AB0042B551 /* RecordingCell.swift */,
			);
			path = ManageModule;
			sourceTree = "<group>";
		};
		EE6BB6D71FDEAC800035C030 /* UserInfoModule */ = {
			isa = PBXGroup;
			children = (
				EEA3E6071FF3407900149A55 /* MyInfoViewController.swift */,
				EED8C1D21FF5EF3E0097C9EB /* PostListTableViewCell.swift */,
				EED8C1D01FF5EEF40097C9EB /* PostListTableViewController.swift */,
			);
			path = UserInfoModule;
			sourceTree = "<group>";
		};
		EE6BB6D81FDEAD0F0035C030 /* Models */ = {
			isa = PBXGroup;
			children = (
				EED8C1CE1FF5ED860097C9EB /* QueryPostList.swift */,
				EED8C1C61FF5D8520097C9EB /* QueryStaff.swift */,
				EED8C1C71FF5D8520097C9EB /* Staff.swift */,
				EED8C1C81FF5D8520097C9EB /* StaffInfo.swift */,
				EED8C1C91FF5D8520097C9EB /* Unit.swift */,
				EED8C1BA1FF5D6C90097C9EB /* Car.swift */,
				EED8C1BB1FF5D6C90097C9EB /* Info.swift */,
				EED8C1BC1FF5D6C90097C9EB /* Owne.swift */,
				EED8C1BD1FF5D6C90097C9EB /* Owner.swift */,
				EED8C1BE1FF5D6C90097C9EB /* QueryCar.swift */,
				EED8C1BF1FF5D6C90097C9EB /* Ticket.swift */,
				EE6BB6D91FDEAD0F0035C030 /* User.swift */,
			);
			path = Models;
			sourceTree = "<group>";
		};
		EE7DEDE21FDA72350062928E = {
			isa = PBXGroup;
			children = (
				EE6BB6CB1FDC2B7C0035C030 /* Podfile */,
				EE7DEDED1FDA72350062928E /* car_manager */,
				EE7DEDEC1FDA72350062928E /* Products */,
				2A12468504C7229A1D37BABC /* Pods */,
				38764C5421D7AD896D4C1006 /* Frameworks */,
			);
			sourceTree = "<group>";
		};
		EE7DEDEC1FDA72350062928E /* Products */ = {
			isa = PBXGroup;
			children = (
				EE7DEDEB1FDA72350062928E /* car_manager.app */,
			);
			name = Products;
			sourceTree = "<group>";
		};
		EE7DEDED1FDA72350062928E /* car_manager */ = {
			isa = PBXGroup;
			children = (
				32E92D771FDFCC8D0016B181 /* Views */,
				EE6BB6D81FDEAD0F0035C030 /* Models */,
				EE6BB6D71FDEAC800035C030 /* UserInfoModule */,
				EE6BB6D61FDEAC670035C030 /* ManageModule */,
				EE6BB6D31FDEAA2F0035C030 /* SearchModule */,
				EE7DEDEE1FDA72350062928E /* AppDelegate.swift */,
				EE7DEDF51FDA72350062928E /* Assets.xcassets */,
				3249ED001FE3C76A00A7E745 /* Manage.storyboard */,
				EE7DEDF21FDA72350062928E /* Main.storyboard */,
				EE6BB6A91FDAC2FA0035C030 /* LoginViewController.swift */,
				EE7DEDF71FDA72350062928E /* LaunchScreen.storyboard */,
				EE7DEDFA1FDA72350062928E /* Info.plist */,
			);
			path = car_manager;
			sourceTree = "<group>";
		};
/* End PBXGroup section */

/* Begin PBXNativeTarget section */
		EE7DEDEA1FDA72350062928E /* car_manager */ = {
			isa = PBXNativeTarget;
			buildConfigurationList = EE7DEDFD1FDA72350062928E /* Build configuration list for PBXNativeTarget "car_manager" */;
			buildPhases = (
				0E383AF7CC1DAEA95EB2DD56 /* [CP] Check Pods Manifest.lock */,
				EE7DEDE71FDA72350062928E /* Sources */,
				EE7DEDE81FDA72350062928E /* Frameworks */,
				EE7DEDE91FDA72350062928E /* Resources */,
				B729436974C57B1844931C4C /* [CP] Embed Pods Frameworks */,
				F2AEA1FAA85E4A317DBFC0EB /* [CP] Copy Pods Resources */,
			);
			buildRules = (
			);
			dependencies = (
			);
			name = car_manager;
			productName = car_manager;
			productReference = EE7DEDEB1FDA72350062928E /* car_manager.app */;
			productType = "com.apple.product-type.application";
		};
/* End PBXNativeTarget section */

/* Begin PBXProject section */
		EE7DEDE31FDA72350062928E /* Project object */ = {
			isa = PBXProject;
			attributes = {
				LastSwiftUpdateCheck = 0830;
				LastUpgradeCheck = 0910;
				ORGANIZATIONNAME = "李祎喆";
				TargetAttributes = {
					EE7DEDEA1FDA72350062928E = {
						CreatedOnToolsVersion = 8.3.3;
						DevelopmentTeam = K2VC334V4X;
						LastSwiftMigration = 0910;
						ProvisioningStyle = Automatic;
					};
				};
			};
			buildConfigurationList = EE7DEDE61FDA72350062928E /* Build configuration list for PBXProject "car_manager" */;
			compatibilityVersion = "Xcode 3.2";
			developmentRegion = English;
			hasScannedForEncodings = 0;
			knownRegions = (
				en,
				Base,
			);
			mainGroup = EE7DEDE21FDA72350062928E;
			productRefGroup = EE7DEDEC1FDA72350062928E /* Products */;
			projectDirPath = "";
			projectRoot = "";
			targets = (
				EE7DEDEA1FDA72350062928E /* car_manager */,
			);
		};
/* End PBXProject section */

/* Begin PBXResourcesBuildPhase section */
		EE7DEDE91FDA72350062928E /* Resources */ = {
			isa = PBXResourcesBuildPhase;
			buildActionMask = 2147483647;
			files = (
				EE7DEDF91FDA72350062928E /* LaunchScreen.storyboard in Resources */,
				EE7DEDF61FDA72350062928E /* Assets.xcassets in Resources */,
				3249ED011FE3C76A00A7E745 /* Manage.storyboard in Resources */,
				EE6BB6CC1FDC2B7C0035C030 /* Podfile in Resources */,
				EE7DEDF41FDA72350062928E /* Main.storyboard in Resources */,
			);
			runOnlyForDeploymentPostprocessing = 0;
		};
/* End PBXResourcesBuildPhase section */

/* Begin PBXShellScriptBuildPhase section */
		0E383AF7CC1DAEA95EB2DD56 /* [CP] Check Pods Manifest.lock */ = {
			isa = PBXShellScriptBuildPhase;
			buildActionMask = 2147483647;
			files = (
			);
			inputPaths = (
				"${PODS_PODFILE_DIR_PATH}/Podfile.lock",
				"${PODS_ROOT}/Manifest.lock",
			);
			name = "[CP] Check Pods Manifest.lock";
			outputPaths = (
				"$(DERIVED_FILE_DIR)/Pods-car_manager-checkManifestLockResult.txt",
			);
			runOnlyForDeploymentPostprocessing = 0;
			shellPath = /bin/sh;
			shellScript = "diff \"${PODS_PODFILE_DIR_PATH}/Podfile.lock\" \"${PODS_ROOT}/Manifest.lock\" > /dev/null\nif [ $? != 0 ] ; then\n    # print error to STDERR\n    echo \"error: The sandbox is not in sync with the Podfile.lock. Run 'pod install' or update your CocoaPods installation.\" >&2\n    exit 1\nfi\n# This output is used by Xcode 'outputs' to avoid re-running this script phase.\necho \"SUCCESS\" > \"${SCRIPT_OUTPUT_FILE_0}\"\n";
			showEnvVarsInLog = 0;
		};
		B729436974C57B1844931C4C /* [CP] Embed Pods Frameworks */ = {
			isa = PBXShellScriptBuildPhase;
			buildActionMask = 2147483647;
			files = (
			);
			inputPaths = (
				"${SRCROOT}/Pods/Target Support Files/Pods-car_manager/Pods-car_manager-frameworks.sh",
				"${BUILT_PRODUCTS_DIR}/Alamofire/Alamofire.framework",
				"${BUILT_PRODUCTS_DIR}/SVProgressHUD/SVProgressHUD.framework",
				"${BUILT_PRODUCTS_DIR}/SwiftyJSON/SwiftyJSON.framework",
			);
			name = "[CP] Embed Pods Frameworks";
			outputPaths = (
				"${TARGET_BUILD_DIR}/${FRAMEWORKS_FOLDER_PATH}/Alamofire.framework",
				"${TARGET_BUILD_DIR}/${FRAMEWORKS_FOLDER_PATH}/SVProgressHUD.framework",
				"${TARGET_BUILD_DIR}/${FRAMEWORKS_FOLDER_PATH}/SwiftyJSON.framework",
			);
			runOnlyForDeploymentPostprocessing = 0;
			shellPath = /bin/sh;
			shellScript = "\"${SRCROOT}/Pods/Target Support Files/Pods-car_manager/Pods-car_manager-frameworks.sh\"\n";
			showEnvVarsInLog = 0;
		};
		F2AEA1FAA85E4A317DBFC0EB /* [CP] Copy Pods Resources */ = {
			isa = PBXShellScriptBuildPhase;
			buildActionMask = 2147483647;
			files = (
			);
			inputPaths = (
			);
			name = "[CP] Copy Pods Resources";
			outputPaths = (
			);
			runOnlyForDeploymentPostprocessing = 0;
			shellPath = /bin/sh;
			shellScript = "\"${SRCROOT}/Pods/Target Support Files/Pods-car_manager/Pods-car_manager-resources.sh\"\n";
			showEnvVarsInLog = 0;
		};
/* End PBXShellScriptBuildPhase section */

/* Begin PBXSourcesBuildPhase section */
		EE7DEDE71FDA72350062928E /* Sources */ = {
			isa = PBXSourcesBuildPhase;
			buildActionMask = 2147483647;
			files = (
				EED8C1CB1FF5D8520097C9EB /* Staff.swift in Sources */,
				3251B6621FE364CB00D4AD82 /* ManageTableViewCell.swift in Sources */,
				3249ED031FE3CAD100A7E745 /* ManageTableViewController.swift in Sources */,
				EED8C1CD1FF5D8520097C9EB /* Unit.swift in Sources */,
				32DC2F341FECA60A00770C55 /* AddUserTableViewController.swift in Sources */,
				EED8C1D11FF5EEF40097C9EB /* PostListTableViewController.swift in Sources */,
				32F065521FF4E89900922AA9 /* DeleteUserController.swift in Sources */,
				EE6BB6DA1FDEAD0F0035C030 /* User.swift in Sources */,
				EE6BB6DE1FDEADBF0035C030 /* MenuTableViewCell.swift in Sources */,
				EE6BB6AA1FDAC2FA0035C030 /* LoginViewController.swift in Sources */,
				EE7DEDEF1FDA72350062928E /* AppDelegate.swift in Sources */,
				EED8C1CF1FF5ED860097C9EB /* QueryPostList.swift in Sources */,
				EED8C1C11FF5D6C90097C9EB /* Info.swift in Sources */,
				EE6BB6D51FDEAA510035C030 /* SearchMenuViewController.swift in Sources */,
				EE6BB6E41FE362EA0035C030 /* CarSearchTableViewController.swift in Sources */,
				EED8C1CC1FF5D8520097C9EB /* StaffInfo.swift in Sources */,
				EE6BB6EC1FE7EF4F0035C030 /* CarDetailTableViewController.swift in Sources */,
				EE6BB6E21FE3584A0035C030 /* PersonSearchTableViewController.swift in Sources */,
				32AAED061FF68E8D0042B551 /* AddRecordingController.swift in Sources */,
				EED8C1C41FF5D6C90097C9EB /* QueryCar.swift in Sources */,
				32AAED041FF6313F0042B551 /* AddButtonCell.swift in Sources */,
				32AAED081FF6938D0042B551 /* RecordingController.swift in Sources */,
				32E7B4341FF2701400D8AD84 /* AddStaffTableViewController.swift in Sources */,
				EED8C1C21FF5D6C90097C9EB /* Owne.swift in Sources */,
				EEA3E6081FF3407900149A55 /* MyInfoViewController.swift in Sources */,
				EED8C1C31FF5D6C90097C9EB /* Owner.swift in Sources */,
				EED8C1C01FF5D6C90097C9EB /* Car.swift in Sources */,
				32E92D791FDFCCA10016B181 /* ViewHelper.swift in Sources */,
				EED8C1C51FF5D6C90097C9EB /* Ticket.swift in Sources */,
				EED8C1CA1FF5D8520097C9EB /* QueryStaff.swift in Sources */,
				32DC2F361FECA85F00770C55 /* BasisCell.swift in Sources */,
				32AAED021FF625FE0042B551 /* DeleteBlackListController.swift in Sources */,
				EE6BB6EE1FF2306F0035C030 /* CarDetailTableViewCell.swift in Sources */,
				32AAED0A1FF693AB0042B551 /* RecordingCell.swift in Sources */,
				EED8C1D31FF5EF3E0097C9EB /* PostListTableViewCell.swift in Sources */,
			);
			runOnlyForDeploymentPostprocessing = 0;
		};
/* End PBXSourcesBuildPhase section */

/* Begin PBXVariantGroup section */
		EE7DEDF21FDA72350062928E /* Main.storyboard */ = {
			isa = PBXVariantGroup;
			children = (
				EE7DEDF31FDA72350062928E /* Base */,
			);
			name = Main.storyboard;
			sourceTree = "<group>";
		};
		EE7DEDF71FDA72350062928E /* LaunchScreen.storyboard */ = {
			isa = PBXVariantGroup;
			children = (
				EE7DEDF81FDA72350062928E /* Base */,
			);
			name = LaunchScreen.storyboard;
			sourceTree = "<group>";
		};
/* End PBXVariantGroup section */

/* Begin XCBuildConfiguration section */
		EE7DEDFB1FDA72350062928E /* Debug */ = {
			isa = XCBuildConfiguration;
			buildSettings = {
				ALWAYS_SEARCH_USER_PATHS = NO;
				CLANG_ANALYZER_NONNULL = YES;
				CLANG_ANALYZER_NUMBER_OBJECT_CONVERSION = YES_AGGRESSIVE;
				CLANG_CXX_LANGUAGE_STANDARD = "gnu++0x";
				CLANG_CXX_LIBRARY = "libc++";
				CLANG_ENABLE_MODULES = YES;
				CLANG_ENABLE_OBJC_ARC = YES;
				CLANG_WARN_BLOCK_CAPTURE_AUTORELEASING = YES;
				CLANG_WARN_BOOL_CONVERSION = YES;
				CLANG_WARN_COMMA = YES;
				CLANG_WARN_CONSTANT_CONVERSION = YES;
				CLANG_WARN_DIRECT_OBJC_ISA_USAGE = YES_ERROR;
				CLANG_WARN_DOCUMENTATION_COMMENTS = YES;
				CLANG_WARN_EMPTY_BODY = YES;
				CLANG_WARN_ENUM_CONVERSION = YES;
				CLANG_WARN_INFINITE_RECURSION = YES;
				CLANG_WARN_INT_CONVERSION = YES;
				CLANG_WARN_NON_LITERAL_NULL_CONVERSION = YES;
				CLANG_WARN_OBJC_LITERAL_CONVERSION = YES;
				CLANG_WARN_OBJC_ROOT_CLASS = YES_ERROR;
				CLANG_WARN_RANGE_LOOP_ANALYSIS = YES;
				CLANG_WARN_STRICT_PROTOTYPES = YES;
				CLANG_WARN_SUSPICIOUS_MOVE = YES;
				CLANG_WARN_UNREACHABLE_CODE = YES;
				CLANG_WARN__DUPLICATE_METHOD_MATCH = YES;
				"CODE_SIGN_IDENTITY[sdk=iphoneos*]" = "iPhone Developer";
				COPY_PHASE_STRIP = NO;
				DEBUG_INFORMATION_FORMAT = dwarf;
				ENABLE_STRICT_OBJC_MSGSEND = YES;
				ENABLE_TESTABILITY = YES;
				GCC_C_LANGUAGE_STANDARD = gnu99;
				GCC_DYNAMIC_NO_PIC = NO;
				GCC_NO_COMMON_BLOCKS = YES;
				GCC_OPTIMIZATION_LEVEL = 0;
				GCC_PREPROCESSOR_DEFINITIONS = (
					"DEBUG=1",
					"$(inherited)",
				);
				GCC_WARN_64_TO_32_BIT_CONVERSION = YES;
				GCC_WARN_ABOUT_RETURN_TYPE = YES_ERROR;
				GCC_WARN_UNDECLARED_SELECTOR = YES;
				GCC_WARN_UNINITIALIZED_AUTOS = YES_AGGRESSIVE;
				GCC_WARN_UNUSED_FUNCTION = YES;
				GCC_WARN_UNUSED_VARIABLE = YES;
				IPHONEOS_DEPLOYMENT_TARGET = 10.3;
				MTL_ENABLE_DEBUG_INFO = YES;
				ONLY_ACTIVE_ARCH = YES;
				SDKROOT = iphoneos;
				SWIFT_ACTIVE_COMPILATION_CONDITIONS = DEBUG;
				SWIFT_OPTIMIZATION_LEVEL = "-Onone";
				SWIFT_VERSION = 3.0;
				TARGETED_DEVICE_FAMILY = "1,2";
			};
			name = Debug;
		};
		EE7DEDFC1FDA72350062928E /* Release */ = {
			isa = XCBuildConfiguration;
			buildSettings = {
				ALWAYS_SEARCH_USER_PATHS = NO;
				CLANG_ANALYZER_NONNULL = YES;
				CLANG_ANALYZER_NUMBER_OBJECT_CONVERSION = YES_AGGRESSIVE;
				CLANG_CXX_LANGUAGE_STANDARD = "gnu++0x";
				CLANG_CXX_LIBRARY = "libc++";
				CLANG_ENABLE_MODULES = YES;
				CLANG_ENABLE_OBJC_ARC = YES;
				CLANG_WARN_BLOCK_CAPTURE_AUTORELEASING = YES;
				CLANG_WARN_BOOL_CONVERSION = YES;
				CLANG_WARN_COMMA = YES;
				CLANG_WARN_CONSTANT_CONVERSION = YES;
				CLANG_WARN_DIRECT_OBJC_ISA_USAGE = YES_ERROR;
				CLANG_WARN_DOCUMENTATION_COMMENTS = YES;
				CLANG_WARN_EMPTY_BODY = YES;
				CLANG_WARN_ENUM_CONVERSION = YES;
				CLANG_WARN_INFINITE_RECURSION = YES;
				CLANG_WARN_INT_CONVERSION = YES;
				CLANG_WARN_NON_LITERAL_NULL_CONVERSION = YES;
				CLANG_WARN_OBJC_LITERAL_CONVERSION = YES;
				CLANG_WARN_OBJC_ROOT_CLASS = YES_ERROR;
				CLANG_WARN_RANGE_LOOP_ANALYSIS = YES;
				CLANG_WARN_STRICT_PROTOTYPES = YES;
				CLANG_WARN_SUSPICIOUS_MOVE = YES;
				CLANG_WARN_UNREACHABLE_CODE = YES;
				CLANG_WARN__DUPLICATE_METHOD_MATCH = YES;
				"CODE_SIGN_IDENTITY[sdk=iphoneos*]" = "iPhone Developer";
				COPY_PHASE_STRIP = NO;
				DEBUG_INFORMATION_FORMAT = "dwarf-with-dsym";
				ENABLE_NS_ASSERTIONS = NO;
				ENABLE_STRICT_OBJC_MSGSEND = YES;
				GCC_C_LANGUAGE_STANDARD = gnu99;
				GCC_NO_COMMON_BLOCKS = YES;
				GCC_WARN_64_TO_32_BIT_CONVERSION = YES;
				GCC_WARN_ABOUT_RETURN_TYPE = YES_ERROR;
				GCC_WARN_UNDECLARED_SELECTOR = YES;
				GCC_WARN_UNINITIALIZED_AUTOS = YES_AGGRESSIVE;
				GCC_WARN_UNUSED_FUNCTION = YES;
				GCC_WARN_UNUSED_VARIABLE = YES;
				IPHONEOS_DEPLOYMENT_TARGET = 10.3;
				MTL_ENABLE_DEBUG_INFO = NO;
				SDKROOT = iphoneos;
				SWIFT_OPTIMIZATION_LEVEL = "-Owholemodule";
				SWIFT_VERSION = 3.0;
				TARGETED_DEVICE_FAMILY = "1,2";
				VALIDATE_PRODUCT = YES;
			};
			name = Release;
		};
		EE7DEDFE1FDA72350062928E /* Debug */ = {
			isa = XCBuildConfiguration;
			baseConfigurationReference = D0C0585E5882544F0D1B8AF6 /* Pods-car_manager.debug.xcconfig */;
			buildSettings = {
				ASSETCATALOG_COMPILER_APPICON_NAME = AppIcon;
				DEVELOPMENT_TEAM = K2VC334V4X;
				INFOPLIST_FILE = car_manager/Info.plist;
				LD_RUNPATH_SEARCH_PATHS = "$(inherited) @executable_path/Frameworks";
				PRODUCT_BUNDLE_IDENTIFIER = "lqzy.car-manager";
				PRODUCT_NAME = "$(TARGET_NAME)";
				SWIFT_VERSION = 3.0;
			};
			name = Debug;
		};
		EE7DEDFF1FDA72350062928E /* Release */ = {
			isa = XCBuildConfiguration;
			baseConfigurationReference = C653B98A830237A3609CE4BA /* Pods-car_manager.release.xcconfig */;
			buildSettings = {
				ASSETCATALOG_COMPILER_APPICON_NAME = AppIcon;
				DEVELOPMENT_TEAM = K2VC334V4X;
				INFOPLIST_FILE = car_manager/Info.plist;
				LD_RUNPATH_SEARCH_PATHS = "$(inherited) @executable_path/Frameworks";
				PRODUCT_BUNDLE_IDENTIFIER = "lqzy.car-manager";
				PRODUCT_NAME = "$(TARGET_NAME)";
				SWIFT_VERSION = 3.0;
			};
			name = Release;
		};
/* End XCBuildConfiguration section */

/* Begin XCConfigurationList section */
		EE7DEDE61FDA72350062928E /* Build configuration list for PBXProject "car_manager" */ = {
			isa = XCConfigurationList;
			buildConfigurations = (
				EE7DEDFB1FDA72350062928E /* Debug */,
				EE7DEDFC1FDA72350062928E /* Release */,
			);
			defaultConfigurationIsVisible = 0;
			defaultConfigurationName = Release;
		};
		EE7DEDFD1FDA72350062928E /* Build configuration list for PBXNativeTarget "car_manager" */ = {
			isa = XCConfigurationList;
			buildConfigurations = (
				EE7DEDFE1FDA72350062928E /* Debug */,
				EE7DEDFF1FDA72350062928E /* Release */,
			);
			defaultConfigurationIsVisible = 0;
			defaultConfigurationName = Release;
		};
/* End XCConfigurationList section */
	};
	rootObject = EE7DEDE31FDA72350062928E /* Project object */;
}
